<?xml version="1.0" encoding="utf-8"?>
<Project ToolsVersion="4.0" xmlns="http://schemas.microsoft.com/developer/msbuild/2003">
  <ItemGroup>
    <Filter Include="Source Files">
      <UniqueIdentifier>{4FC737F1-C7A5-4376-A066-2A32D752A2FF}</UniqueIdentifier>
      <Extensions>cpp;c;cc;cxx;def;odl;idl;hpj;bat;asm;asmx</Extensions>
    </Filter>
    <Filter Include="Header Files">
      <UniqueIdentifier>{93995380-89BD-4b04-88EB-625FBE52EBFB}</UniqueIdentifier>
      <Extensions>h;hh;hpp;hxx;hm;inl;inc;xsd</Extensions>
    </Filter>
    <Filter Include="Resource Files">
      <UniqueIdentifier>{67DA6AB6-F800-4c08-8B7A-83BB121AAD01}</UniqueIdentifier>
      <Extensions>rc;ico;cur;bmp;dlg;rc2;rct;bin;rgs;gif;jpg;jpeg;jpe;resx;tiff;tif;png;wav;mfcribbon-ms</Extensions>
    </Filter>
    <Filter Include="Header Files\GL">
      <UniqueIdentifier>{ea4c9270-c6c3-4b4c-b8e5-cd2829d42875}</UniqueIdentifier>
    </Filter>
    <Filter Include="Header Files\GLEW">
      <UniqueIdentifier>{a88ef93e-ddbb-4f49-87a4-e2c2d0f4eda6}</UniqueIdentifier>
    </Filter>
    <Filter Include="Resource Files\shader">
      <UniqueIdentifier>{2f4c215d-e678-47b5-a468-c38bfda874aa}</UniqueIdentifier>
    </Filter>
    <Filter Include="Resource Files\textures">
      <UniqueIdentifier>{abca7802-6bc2-400a-93d4-9a8ae323fc35}</UniqueIdentifier>
    </Filter>
    <Filter Include="Source Files\App">
      <UniqueIdentifier>{f9966ead-e0f1-49c3-83ab-66476956067d}</UniqueIdentifier>
    </Filter>
    <Filter Include="Source Files\Framework">
      <UniqueIdentifier>{c5dd1096-93e1-47cd-97c1-73047ba52e7e}</UniqueIdentifier>
    </Filter>
    <Filter Include="Source Files\App\manager">
      <UniqueIdentifier>{851f9253-d78a-4007-aef9-c91ce1ac83c6}</UniqueIdentifier>
    </Filter>
    <Filter Include="Source Files\App\shader">
      <UniqueIdentifier>{b1969b75-c842-4b5c-8a07-ab9f9adca734}</UniqueIdentifier>
    </Filter>
    <Filter Include="Source Files\Framework\shader">
      <UniqueIdentifier>{ac30db13-e989-40cf-a7df-593cbebfa99e}</UniqueIdentifier>
    </Filter>
    <Filter Include="Source Files\Framework\datatype">
      <UniqueIdentifier>{75583cb7-0278-4de9-83b0-bdf88e6f7c18}</UniqueIdentifier>
    </Filter>
    <Filter Include="Resource Files\shader\diffuse">
      <UniqueIdentifier>{9ea85e98-5133-455b-a90f-e479903c3d9f}</UniqueIdentifier>
    </Filter>
    <Filter Include="Resource Files\shader\geometry_shader">
      <UniqueIdentifier>{14d57727-ab8d-49dc-8088-d01904cea986}</UniqueIdentifier>
    </Filter>
    <Filter Include="Resource Files\shader\deferred">
      <UniqueIdentifier>{6a672329-8f42-4ec4-a744-8d76e59650d4}</UniqueIdentifier>
    </Filter>
    <Filter Include="Header Files\glm">
      <UniqueIdentifier>{c38e8a31-a370-47be-bb7b-ba130220ecf7}</UniqueIdentifier>
    </Filter>
  </ItemGroup>
  <ItemGroup>
    <ClCompile Include="..\source\MainApp.cpp">
      <Filter>Source Files</Filter>
    </ClCompile>
    <ClCompile Include="..\source\framework\shader\ShaderInterface.cpp">
      <Filter>Source Files\Framework\shader</Filter>
    </ClCompile>
    <ClCompile Include="..\source\app\manager\ShaderAppManager.cpp">
      <Filter>Source Files\App\manager</Filter>
    </ClCompile>
    <ClCompile Include="..\source\app\shader\ShaderDefault.cpp">
      <Filter>Source Files\App\shader</Filter>
    </ClCompile>
    <ClCompile Include="..\source\app\shader\ShaderDiffuse.cpp">
      <Filter>Source Files\App\shader</Filter>
    </ClCompile>
    <ClCompile Include="..\source\app\shader\GeometryShader.cpp">
      <Filter>Source Files\App\shader</Filter>
    </ClCompile>
    <ClCompile Include="..\source\app\shader\DeferredRendering.cpp">
      <Filter>Source Files\App\shader</Filter>
    </ClCompile>
  </ItemGroup>
  <ItemGroup>
    <ClInclude Include="..\source\external\GL\freeglut.h">
      <Filter>Header Files\GL</Filter>
    </ClInclude>
    <ClInclude Include="..\source\external\GL\freeglut_ext.h">
      <Filter>Header Files\GL</Filter>
    </ClInclude>
    <ClInclude Include="..\source\external\GL\freeglut_std.h">
      <Filter>Header Files\GL</Filter>
    </ClInclude>
    <ClInclude Include="..\source\external\GL\glut.h">
      <Filter>Header Files\GL</Filter>
    </ClInclude>
    <ClInclude Include="..\source\external\GLEW\eglew.h">
      <Filter>Header Files\GLEW</Filter>
    </ClInclude>
    <ClInclude Include="..\source\external\GLEW\glew.h">
      <Filter>Header Files\GLEW</Filter>
    </ClInclude>
    <ClInclude Include="..\source\external\GLEW\glxew.h">
      <Filter>Header Files\GLEW</Filter>
    </ClInclude>
    <ClInclude Include="..\source\external\GLEW\wglew.h">
      <Filter>Header Files\GLEW</Filter>
    </ClInclude>
    <ClInclude Include="..\source\framework\shader\ShaderInterface.hpp">
      <Filter>Source Files\Framework\shader</Filter>
    </ClInclude>
    <ClInclude Include="..\source\app\manager\ShaderAppManager.hpp">
      <Filter>Source Files\App\manager</Filter>
    </ClInclude>
    <ClInclude Include="..\source\app\shader\ShaderDefault.hpp">
      <Filter>Source Files\App\shader</Filter>
    </ClInclude>
    <ClInclude Include="..\source\framework\datatype\fsVector.hpp">
      <Filter>Source Files\Framework\datatype</Filter>
    </ClInclude>
    <ClInclude Include="..\source\app\shader\ShaderDiffuse.hpp">
      <Filter>Source Files\App\shader</Filter>
    </ClInclude>
    <ClInclude Include="..\source\app\shader\GeometryShader.hpp">
      <Filter>Source Files\App\shader</Filter>
    </ClInclude>
    <ClInclude Include="..\source\framework\datatype\sfMatrix.hpp">
      <Filter>Source Files\Framework\datatype</Filter>
    </ClInclude>
    <ClInclude Include="..\source\app\shader\DeferredRendering.hpp">
      <Filter>Source Files\App\shader</Filter>
    </ClInclude>
    <ClInclude Include="..\source\external\glm\common.hpp">
      <Filter>Header Files\glm</Filter>
    </ClInclude>
    <ClInclude Include="..\source\external\glm\exponential.hpp">
      <Filter>Header Files\glm</Filter>
    </ClInclude>
    <ClInclude Include="..\source\external\glm\ext.hpp">
      <Filter>Header Files\glm</Filter>
    </ClInclude>
    <ClInclude Include="..\source\external\glm\fwd.hpp">
      <Filter>Header Files\glm</Filter>
    </ClInclude>
    <ClInclude Include="..\source\external\glm\geometric.hpp">
      <Filter>Header Files\glm</Filter>
    </ClInclude>
    <ClInclude Include="..\source\external\glm\glm.hpp">
      <Filter>Header Files\glm</Filter>
    </ClInclude>
    <ClInclude Include="..\source\external\glm\integer.hpp">
      <Filter>Header Files\glm</Filter>
    </ClInclude>
    <ClInclude Include="..\source\external\glm\mat2x2.hpp">
      <Filter>Header Files\glm</Filter>
    </ClInclude>
    <ClInclude Include="..\source\external\glm\mat2x3.hpp">
      <Filter>Header Files\glm</Filter>
    </ClInclude>
    <ClInclude Include="..\source\external\glm\mat2x4.hpp">
      <Filter>Header Files\glm</Filter>
    </ClInclude>
    <ClInclude Include="..\source\external\glm\mat3x2.hpp">
      <Filter>Header Files\glm</Filter>
    </ClInclude>
    <ClInclude Include="..\source\external\glm\mat3x3.hpp">
      <Filter>Header Files\glm</Filter>
    </ClInclude>
    <ClInclude Include="..\source\external\glm\mat3x4.hpp">
      <Filter>Header Files\glm</Filter>
    </ClInclude>
    <ClInclude Include="..\source\external\glm\mat4x2.hpp">
      <Filter>Header Files\glm</Filter>
    </ClInclude>
    <ClInclude Include="..\source\external\glm\mat4x3.hpp">
      <Filter>Header Files\glm</Filter>
    </ClInclude>
    <ClInclude Include="..\source\external\glm\mat4x4.hpp">
      <Filter>Header Files\glm</Filter>
    </ClInclude>
    <ClInclude Include="..\source\external\glm\matrix.hpp">
      <Filter>Header Files\glm</Filter>
    </ClInclude>
    <ClInclude Include="..\source\external\glm\packing.hpp">
      <Filter>Header Files\glm</Filter>
    </ClInclude>
    <ClInclude Include="..\source\external\glm\trigonometric.hpp">
      <Filter>Header Files\glm</Filter>
    </ClInclude>
    <ClInclude Include="..\source\external\glm\vec2.hpp">
      <Filter>Header Files\glm</Filter>
    </ClInclude>
    <ClInclude Include="..\source\external\glm\vec3.hpp">
      <Filter>Header Files\glm</Filter>
    </ClInclude>
    <ClInclude Include="..\source\external\glm\vec4.hpp">
      <Filter>Header Files\glm</Filter>
    </ClInclude>
    <ClInclude Include="..\source\external\glm\vector_relational.hpp">
      <Filter>Header Files\glm</Filter>
    </ClInclude>
  </ItemGroup>
  <ItemGroup>
    <None Include="..\source\app\resource\shader\toon.frag">
      <Filter>Resource Files\shader</Filter>
    </None>
    <None Include="..\source\app\resource\shader\toon.vert">
      <Filter>Resource Files\shader</Filter>
    </None>
    <None Include="ClassDiagram.cd" />
    <None Include="..\source\app\resource\shader\diffuse\sine.frag">
      <Filter>Resource Files\shader\diffuse</Filter>
    </None>
    <None Include="..\source\app\resource\shader\diffuse\sine.vert">
      <Filter>Resource Files\shader\diffuse</Filter>
    </None>
    <None Include="..\source\app\resource\shader\diffuse\diffuse.frag">
      <Filter>Resource Files\shader\diffuse</Filter>
    </None>
    <None Include="..\source\app\resource\shader\diffuse\diffuse.vert">
      <Filter>Resource Files\shader\diffuse</Filter>
    </None>
    <None Include="..\source\app\resource\shader\diffuse\diffuseperpixel.frag">
      <Filter>Resource Files\shader\diffuse</Filter>
    </None>
    <None Include="..\source\app\resource\shader\diffuse\diffuseperpixel.vert">
      <Filter>Resource Files\shader\diffuse</Filter>
    </None>
    <None Include="..\source\app\resource\shader\diffuse\diffuseperpixelpointlight.frag">
      <Filter>Resource Files\shader\diffuse</Filter>
    </None>
    <None Include="..\source\app\resource\shader\diffuse\diffuseperpixelpointlight.vert">
      <Filter>Resource Files\shader\diffuse</Filter>
    </None>
    <None Include="..\source\app\resource\shader\diffuse\diffuseperpixelspotlight.frag">
      <Filter>Resource Files\shader\diffuse</Filter>
    </None>
    <None Include="..\source\app\resource\shader\diffuse\diffuseperpixelspotlight.vert">
      <Filter>Resource Files\shader\diffuse</Filter>
    </None>
    <None Include="..\source\app\resource\shader\geometry_shader\basic.frag">
      <Filter>Resource Files\shader\geometry_shader</Filter>
    </None>
    <None Include="..\source\app\resource\shader\geometry_shader\basic.vert">
      <Filter>Resource Files\shader\geometry_shader</Filter>
    </None>
    <None Include="..\source\app\resource\shader\geometry_shader\basic.geom">
      <Filter>Resource Files\shader\geometry_shader</Filter>
    </None>
    <None Include="..\source\app\resource\shader\deferred\geometry_pass.frag">
      <Filter>Resource Files\shader\deferred</Filter>
    </None>
    <None Include="..\source\app\resource\shader\deferred\geometry_pass.vert">
      <Filter>Resource Files\shader\deferred</Filter>
    </None>
  </ItemGroup>
  <ItemGroup>
    <Text Include="..\source\external\glm\CMakeLists.txt">
      <Filter>Header Files\glm</Filter>
    </Text>
  </ItemGroup>
</Project>