<?xml version="1.0" encoding="utf-8"?>
<Project ToolsVersion="4.0" xmlns="http://schemas.microsoft.com/developer/msbuild/2003">
  <ItemGroup>
    <Filter Include="Source Files">
      <UniqueIdentifier>{4FC737F1-C7A5-4376-A066-2A32D752A2FF}</UniqueIdentifier>
      <Extensions>cpp;c;cc;cxx;def;odl;idl;hpj;bat;asm;asmx</Extensions>
    </Filter>
    <Filter Include="Header Files">
      <UniqueIdentifier>{93995380-89BD-4b04-88EB-625FBE52EBFB}</UniqueIdentifier>
      <Extensions>h;hh;hpp;hxx;hm;inl;inc;xsd</Extensions>
    </Filter>
    <Filter Include="Resource Files">
      <UniqueIdentifier>{67DA6AB6-F800-4c08-8B7A-83BB121AAD01}</UniqueIdentifier>
      <Extensions>rc;ico;cur;bmp;dlg;rc2;rct;bin;rgs;gif;jpg;jpeg;jpe;resx;tiff;tif;png;wav;mfcribbon-ms</Extensions>
    </Filter>
    <Filter Include="Header Files\GL">
      <UniqueIdentifier>{ea4c9270-c6c3-4b4c-b8e5-cd2829d42875}</UniqueIdentifier>
    </Filter>
    <Filter Include="Header Files\GLEW">
      <UniqueIdentifier>{a88ef93e-ddbb-4f49-87a4-e2c2d0f4eda6}</UniqueIdentifier>
    </Filter>
    <Filter Include="Resource Files\shader">
      <UniqueIdentifier>{2f4c215d-e678-47b5-a468-c38bfda874aa}</UniqueIdentifier>
    </Filter>
    <Filter Include="Source Files\App">
      <UniqueIdentifier>{f9966ead-e0f1-49c3-83ab-66476956067d}</UniqueIdentifier>
    </Filter>
    <Filter Include="Source Files\Framework">
      <UniqueIdentifier>{c5dd1096-93e1-47cd-97c1-73047ba52e7e}</UniqueIdentifier>
    </Filter>
    <Filter Include="Source Files\App\manager">
      <UniqueIdentifier>{851f9253-d78a-4007-aef9-c91ce1ac83c6}</UniqueIdentifier>
    </Filter>
    <Filter Include="Source Files\App\shader">
      <UniqueIdentifier>{b1969b75-c842-4b5c-8a07-ab9f9adca734}</UniqueIdentifier>
    </Filter>
    <Filter Include="Source Files\Framework\shader">
      <UniqueIdentifier>{ac30db13-e989-40cf-a7df-593cbebfa99e}</UniqueIdentifier>
    </Filter>
    <Filter Include="Source Files\Framework\datatype">
      <UniqueIdentifier>{75583cb7-0278-4de9-83b0-bdf88e6f7c18}</UniqueIdentifier>
    </Filter>
    <Filter Include="Resource Files\shader\diffuse">
      <UniqueIdentifier>{9ea85e98-5133-455b-a90f-e479903c3d9f}</UniqueIdentifier>
    </Filter>
    <Filter Include="Resource Files\shader\geometry_shader">
      <UniqueIdentifier>{14d57727-ab8d-49dc-8088-d01904cea986}</UniqueIdentifier>
    </Filter>
    <Filter Include="Source Files\App\shader\Texture">
      <UniqueIdentifier>{e450e2d1-4191-4693-961e-48759a2b9fbc}</UniqueIdentifier>
    </Filter>
    <Filter Include="Source Files\external">
      <UniqueIdentifier>{93bbf556-4058-44cd-85d6-dc0888d740b0}</UniqueIdentifier>
    </Filter>
    <Filter Include="Resource Files\shader\texture">
      <UniqueIdentifier>{f8694d0a-9cf9-4698-894c-c94716d3ba99}</UniqueIdentifier>
    </Filter>
    <Filter Include="Source Files\external\stbi">
      <UniqueIdentifier>{224a63b9-e0fa-4ed9-b48c-e64b79f21c06}</UniqueIdentifier>
    </Filter>
    <Filter Include="Resource Files\texture">
      <UniqueIdentifier>{ae6bfdda-2e52-4cc8-82bc-c20606f55fa7}</UniqueIdentifier>
    </Filter>
    <Filter Include="Source Files\App\shader\Light">
      <UniqueIdentifier>{61d07101-d7a0-44d0-876e-0f74158c4488}</UniqueIdentifier>
    </Filter>
    <Filter Include="Resource Files\shader\light">
      <UniqueIdentifier>{9c2210fa-c030-4ed6-b5d0-77623b6be9f2}</UniqueIdentifier>
    </Filter>
    <Filter Include="Source Files\Framework\mesh">
      <UniqueIdentifier>{5cd9d35c-ad86-487a-93d7-08f982a6eab9}</UniqueIdentifier>
    </Filter>
    <Filter Include="Source Files\App\shader\Model">
      <UniqueIdentifier>{390ce207-75fa-4b78-b52b-481a1538f5de}</UniqueIdentifier>
    </Filter>
    <Filter Include="Resource Files\shader\model">
      <UniqueIdentifier>{a45023ca-bca1-46f2-a085-f4e26cc6dad3}</UniqueIdentifier>
    </Filter>
    <Filter Include="Source Files\App\shader\Buffer">
      <UniqueIdentifier>{d9545594-826c-4a4d-97c1-828616496b05}</UniqueIdentifier>
    </Filter>
    <Filter Include="Resource Files\shader\buffer">
      <UniqueIdentifier>{e2f94e06-1ab2-4244-a69c-95135bee005f}</UniqueIdentifier>
    </Filter>
  </ItemGroup>
  <ItemGroup>
    <ClCompile Include="..\source\MainApp.cpp">
      <Filter>Source Files</Filter>
    </ClCompile>
    <ClCompile Include="..\source\framework\shader\ShaderInterface.cpp">
      <Filter>Source Files\Framework\shader</Filter>
    </ClCompile>
    <ClCompile Include="..\source\app\manager\ShaderAppManager.cpp">
      <Filter>Source Files\App\manager</Filter>
    </ClCompile>
    <ClCompile Include="..\source\app\shader\ShaderDefault.cpp">
      <Filter>Source Files\App\shader</Filter>
    </ClCompile>
    <ClCompile Include="..\source\app\shader\ShaderDiffuse.cpp">
      <Filter>Source Files\App\shader</Filter>
    </ClCompile>
    <ClCompile Include="..\source\app\shader\GeometryShader.cpp">
      <Filter>Source Files\App\shader</Filter>
    </ClCompile>
    <ClCompile Include="..\source\app\shader\Texture\TextureTest.cpp">
      <Filter>Source Files\App\shader\Texture</Filter>
    </ClCompile>
    <ClCompile Include="..\source\external\stbi\stb_image.cpp">
      <Filter>Source Files\external\stbi</Filter>
    </ClCompile>
    <ClCompile Include="..\source\framework\shader\Shader.cpp">
      <Filter>Source Files\Framework\shader</Filter>
    </ClCompile>
    <ClCompile Include="..\source\app\shader\Light\LightTest.cpp">
      <Filter>Source Files\App\shader\Light</Filter>
    </ClCompile>
    <ClCompile Include="..\source\app\shader\Light\LightMapTest.cpp">
      <Filter>Source Files\App\shader\Light</Filter>
    </ClCompile>
    <ClCompile Include="..\source\app\shader\Light\LightCasterTest.cpp">
      <Filter>Source Files\App\shader\Light</Filter>
    </ClCompile>
    <ClCompile Include="..\source\framework\mesh\Mesh.cpp">
      <Filter>Source Files\Framework\mesh</Filter>
    </ClCompile>
    <ClCompile Include="..\source\framework\mesh\Model.cpp">
      <Filter>Source Files\Framework\mesh</Filter>
    </ClCompile>
    <ClCompile Include="..\source\app\shader\Model\ModelTest.cpp">
      <Filter>Source Files\App\shader\Model</Filter>
    </ClCompile>
    <ClCompile Include="..\source\app\shader\Buffer\FramebufferTest.cpp">
      <Filter>Source Files\App\shader\Buffer</Filter>
    </ClCompile>
  </ItemGroup>
  <ItemGroup>
    <ClInclude Include="..\source\external\GL\freeglut.h">
      <Filter>Header Files\GL</Filter>
    </ClInclude>
    <ClInclude Include="..\source\external\GL\freeglut_ext.h">
      <Filter>Header Files\GL</Filter>
    </ClInclude>
    <ClInclude Include="..\source\external\GL\freeglut_std.h">
      <Filter>Header Files\GL</Filter>
    </ClInclude>
    <ClInclude Include="..\source\external\GL\glut.h">
      <Filter>Header Files\GL</Filter>
    </ClInclude>
    <ClInclude Include="..\source\external\GLEW\eglew.h">
      <Filter>Header Files\GLEW</Filter>
    </ClInclude>
    <ClInclude Include="..\source\external\GLEW\glew.h">
      <Filter>Header Files\GLEW</Filter>
    </ClInclude>
    <ClInclude Include="..\source\external\GLEW\glxew.h">
      <Filter>Header Files\GLEW</Filter>
    </ClInclude>
    <ClInclude Include="..\source\external\GLEW\wglew.h">
      <Filter>Header Files\GLEW</Filter>
    </ClInclude>
    <ClInclude Include="..\source\framework\shader\ShaderInterface.hpp">
      <Filter>Source Files\Framework\shader</Filter>
    </ClInclude>
    <ClInclude Include="..\source\app\manager\ShaderAppManager.hpp">
      <Filter>Source Files\App\manager</Filter>
    </ClInclude>
    <ClInclude Include="..\source\app\shader\ShaderDefault.hpp">
      <Filter>Source Files\App\shader</Filter>
    </ClInclude>
    <ClInclude Include="..\source\framework\datatype\fsVector.hpp">
      <Filter>Source Files\Framework\datatype</Filter>
    </ClInclude>
    <ClInclude Include="..\source\app\shader\ShaderDiffuse.hpp">
      <Filter>Source Files\App\shader</Filter>
    </ClInclude>
    <ClInclude Include="..\source\app\shader\GeometryShader.hpp">
      <Filter>Source Files\App\shader</Filter>
    </ClInclude>
    <ClInclude Include="..\source\app\shader\Texture\TextureTest.hpp">
      <Filter>Source Files\App\shader\Texture</Filter>
    </ClInclude>
    <ClInclude Include="..\source\external\stbi\stb_image.h">
      <Filter>Source Files\external\stbi</Filter>
    </ClInclude>
    <ClInclude Include="..\source\framework\shader\Shader.hpp">
      <Filter>Source Files\Framework\shader</Filter>
    </ClInclude>
    <ClInclude Include="..\source\app\shader\Light\LightTest.hpp">
      <Filter>Source Files\App\shader\Light</Filter>
    </ClInclude>
    <ClInclude Include="..\source\app\shader\Light\LightMapTest.hpp">
      <Filter>Source Files\App\shader\Light</Filter>
    </ClInclude>
    <ClInclude Include="..\source\app\shader\Light\LightCasterTest.hpp">
      <Filter>Source Files\App\shader\Light</Filter>
    </ClInclude>
    <ClInclude Include="..\source\framework\mesh\Mesh.hpp">
      <Filter>Source Files\Framework\mesh</Filter>
    </ClInclude>
    <ClInclude Include="..\source\framework\mesh\Model.hpp">
      <Filter>Source Files\Framework\mesh</Filter>
    </ClInclude>
    <ClInclude Include="..\source\app\shader\Model\ModelTest.hpp">
      <Filter>Source Files\App\shader\Model</Filter>
    </ClInclude>
    <ClInclude Include="..\source\app\shader\Buffer\FramebufferTest.hpp">
      <Filter>Source Files\App\shader\Buffer</Filter>
    </ClInclude>
  </ItemGroup>
  <ItemGroup>
    <None Include="..\source\app\resource\shader\toon.frag">
      <Filter>Resource Files\shader</Filter>
    </None>
    <None Include="..\source\app\resource\shader\toon.vert">
      <Filter>Resource Files\shader</Filter>
    </None>
    <None Include="ClassDiagram.cd" />
    <None Include="..\source\app\resource\shader\diffuse\sine.frag">
      <Filter>Resource Files\shader\diffuse</Filter>
    </None>
    <None Include="..\source\app\resource\shader\diffuse\sine.vert">
      <Filter>Resource Files\shader\diffuse</Filter>
    </None>
    <None Include="..\source\app\resource\shader\diffuse\diffuse.frag">
      <Filter>Resource Files\shader\diffuse</Filter>
    </None>
    <None Include="..\source\app\resource\shader\diffuse\diffuse.vert">
      <Filter>Resource Files\shader\diffuse</Filter>
    </None>
    <None Include="..\source\app\resource\shader\diffuse\diffuseperpixel.frag">
      <Filter>Resource Files\shader\diffuse</Filter>
    </None>
    <None Include="..\source\app\resource\shader\diffuse\diffuseperpixel.vert">
      <Filter>Resource Files\shader\diffuse</Filter>
    </None>
    <None Include="..\source\app\resource\shader\diffuse\diffuseperpixelpointlight.frag">
      <Filter>Resource Files\shader\diffuse</Filter>
    </None>
    <None Include="..\source\app\resource\shader\diffuse\diffuseperpixelpointlight.vert">
      <Filter>Resource Files\shader\diffuse</Filter>
    </None>
    <None Include="..\source\app\resource\shader\diffuse\diffuseperpixelspotlight.frag">
      <Filter>Resource Files\shader\diffuse</Filter>
    </None>
    <None Include="..\source\app\resource\shader\diffuse\diffuseperpixelspotlight.vert">
      <Filter>Resource Files\shader\diffuse</Filter>
    </None>
    <None Include="..\source\app\resource\shader\geometry_shader\basic.frag">
      <Filter>Resource Files\shader\geometry_shader</Filter>
    </None>
    <None Include="..\source\app\resource\shader\geometry_shader\basic.vert">
      <Filter>Resource Files\shader\geometry_shader</Filter>
    </None>
    <None Include="..\source\app\resource\shader\geometry_shader\basic.geom">
      <Filter>Resource Files\shader\geometry_shader</Filter>
    </None>
    <None Include="..\source\app\resource\shader\texture\texturetest.frag">
      <Filter>Resource Files\shader\texture</Filter>
    </None>
    <None Include="..\source\app\resource\shader\texture\texturetest.vert">
      <Filter>Resource Files\shader\texture</Filter>
    </None>
    <None Include="..\source\app\resource\shader\light\lightest.frag">
      <Filter>Resource Files\shader\light</Filter>
    </None>
    <None Include="..\source\app\resource\shader\light\lightest.vert">
      <Filter>Resource Files\shader\light</Filter>
    </None>
    <None Include="..\source\app\resource\shader\light\lightmaptest.frag">
      <Filter>Resource Files\shader\light</Filter>
    </None>
    <None Include="..\source\app\resource\shader\light\lightmaptest.vert">
      <Filter>Resource Files\shader\light</Filter>
    </None>
    <None Include="..\source\app\resource\shader\light\lightcastertest.vert">
      <Filter>Resource Files\shader\light</Filter>
    </None>
    <None Include="..\source\app\resource\shader\light\lightcastertest.frag">
      <Filter>Resource Files\shader\light</Filter>
    </None>
    <None Include="..\source\app\resource\shader\model\modeltest.vert">
      <Filter>Resource Files\shader\model</Filter>
    </None>
    <None Include="..\source\app\resource\shader\model\modeltest.frag">
      <Filter>Resource Files\shader\model</Filter>
    </None>
    <None Include="..\source\app\resource\shader\buffer\framebuffertest.frag">
      <Filter>Resource Files\shader\buffer</Filter>
    </None>
    <None Include="..\source\app\resource\shader\buffer\framebuffertest.vert">
      <Filter>Resource Files\shader\buffer</Filter>
    </None>
  </ItemGroup>
  <ItemGroup>
    <Image Include="..\source\app\resource\textures\awesomeface.png">
      <Filter>Resource Files\texture</Filter>
    </Image>
    <Image Include="..\source\app\resource\textures\container.jpg">
      <Filter>Resource Files\texture</Filter>
    </Image>
    <Image Include="..\source\app\resource\textures\mouse_fall.png">
      <Filter>Resource Files\texture</Filter>
    </Image>
  </ItemGroup>
</Project>